// !$*UTF8*$!
{
	archiveVersion = 1;
	classes = {
	};
	objectVersion = 46;
	objects = {

/* Begin PBXBuildFile section */
		44FDE4D01DDF6AB900E5A37F /* AppDelegate.swift in Sources */ = {isa = PBXBuildFile; fileRef = 44FDE4CF1DDF6AB900E5A37F /* AppDelegate.swift */; };
		44FDE4D21DDF6AB900E5A37F /* ViewController.swift in Sources */ = {isa = PBXBuildFile; fileRef = 44FDE4D11DDF6AB900E5A37F /* ViewController.swift */; };
		44FDE4D51DDF6AB900E5A37F /* Main.storyboard in Resources */ = {isa = PBXBuildFile; fileRef = 44FDE4D31DDF6AB900E5A37F /* Main.storyboard */; };
		44FDE4D71DDF6AB900E5A37F /* Assets.xcassets in Resources */ = {isa = PBXBuildFile; fileRef = 44FDE4D61DDF6AB900E5A37F /* Assets.xcassets */; };
		44FDE4DA1DDF6AB900E5A37F /* LaunchScreen.storyboard in Resources */ = {isa = PBXBuildFile; fileRef = 44FDE4D81DDF6AB900E5A37F /* LaunchScreen.storyboard */; };
		44FDE4E51DDF6AB900E5A37F /* MusicVideoTests.swift in Sources */ = {isa = PBXBuildFile; fileRef = 44FDE4E41DDF6AB900E5A37F /* MusicVideoTests.swift */; };
		44FDE4F01DDF6AB900E5A37F /* MusicVideoUITests.swift in Sources */ = {isa = PBXBuildFile; fileRef = 44FDE4EF1DDF6AB900E5A37F /* MusicVideoUITests.swift */; };
/* End PBXBuildFile section */

/* Begin PBXContainerItemProxy section */
		44FDE4E11DDF6AB900E5A37F /* PBXContainerItemProxy */ = {
			isa = PBXContainerItemProxy;
			containerPortal = 44FDE4C41DDF6AB900E5A37F /* Project object */;
			proxyType = 1;
			remoteGlobalIDString = 44FDE4CB1DDF6AB900E5A37F;
			remoteInfo = MusicVideo;
		};
		44FDE4EC1DDF6AB900E5A37F /* PBXContainerItemProxy */ = {
			isa = PBXContainerItemProxy;
			containerPortal = 44FDE4C41DDF6AB900E5A37F /* Project object */;
			proxyType = 1;
			remoteGlobalIDString = 44FDE4CB1DDF6AB900E5A37F;
			remoteInfo = MusicVideo;
		};
/* End PBXContainerItemProxy section */

/* Begin PBXFileReference section */
		44FDE4CC1DDF6AB900E5A37F /* MusicVideo.app */ = {isa = PBXFileReference; explicitFileType = wrapper.application; includeInIndex = 0; path = MusicVideo.app; sourceTree = BUILT_PRODUCTS_DIR; };
		44FDE4CF1DDF6AB900E5A37F /* AppDelegate.swift */ = {isa = PBXFileReference; lastKnownFileType = sourcecode.swift; path = AppDelegate.swift; sourceTree = "<group>"; };
		44FDE4D11DDF6AB900E5A37F /* ViewController.swift */ = {isa = PBXFileReference; lastKnownFileType = sourcecode.swift; path = ViewController.swift; sourceTree = "<group>"; };
		44FDE4D41DDF6AB900E5A37F /* Base */ = {isa = PBXFileReference; lastKnownFileType = file.storyboard; name = Base; path = Base.lproj/Main.storyboard; sourceTree = "<group>"; };
		44FDE4D61DDF6AB900E5A37F /* Assets.xcassets */ = {isa = PBXFileReference; lastKnownFileType = folder.assetcatalog; path = Assets.xcassets; sourceTree = "<group>"; };
		44FDE4D91DDF6AB900E5A37F /* Base */ = {isa = PBXFileReference; lastKnownFileType = file.storyboard; name = Base; path = Base.lproj/LaunchScreen.storyboard; sourceTree = "<group>"; };
		44FDE4DB1DDF6AB900E5A37F /* Info.plist */ = {isa = PBXFileReference; lastKnownFileType = text.plist.xml; path = Info.plist; sourceTree = "<group>"; };
		44FDE4E01DDF6AB900E5A37F /* MusicVideoTests.xctest */ = {isa = PBXFileReference; explicitFileType = wrapper.cfbundle; includeInIndex = 0; path = MusicVideoTests.xctest; sourceTree = BUILT_PRODUCTS_DIR; };
		44FDE4E41DDF6AB900E5A37F /* MusicVideoTests.swift */ = {isa = PBXFileReference; lastKnownFileType = sourcecode.swift; path = MusicVideoTests.swift; sourceTree = "<group>"; };
		44FDE4E61DDF6AB900E5A37F /* Info.plist */ = {isa = PBXFileReference; lastKnownFileType = text.plist.xml; path = Info.plist; sourceTree = "<group>"; };
		44FDE4EB1DDF6AB900E5A37F /* MusicVideoUITests.xctest */ = {isa = PBXFileReference; explicitFileType = wrapper.cfbundle; includeInIndex = 0; path = MusicVideoUITests.xctest; sourceTree = BUILT_PRODUCTS_DIR; };
		44FDE4EF1DDF6AB900E5A37F /* MusicVideoUITests.swift */ = {isa = PBXFileReference; lastKnownFileType = sourcecode.swift; path = MusicVideoUITests.swift; sourceTree = "<group>"; };
		44FDE4F11DDF6AB900E5A37F /* Info.plist */ = {isa = PBXFileReference; lastKnownFileType = text.plist.xml; path = Info.plist; sourceTree = "<group>"; };
/* End PBXFileReference section */

/* Begin PBXFrameworksBuildPhase section */
		44FDE4C91DDF6AB900E5A37F /* Frameworks */ = {
			isa = PBXFrameworksBuildPhase;
			buildActionMask = 2147483647;
			files = (
			);
			runOnlyForDeploymentPostprocessing = 0;
		};
		44FDE4DD1DDF6AB900E5A37F /* Frameworks */ = {
			isa = PBXFrameworksBuildPhase;
			buildActionMask = 2147483647;
			files = (
			);
			runOnlyForDeploymentPostprocessing = 0;
		};
		44FDE4E81DDF6AB900E5A37F /* Frameworks */ = {
			isa = PBXFrameworksBuildPhase;
			buildActionMask = 2147483647;
			files = (
			);
			runOnlyForDeploymentPostprocessing = 0;
		};
/* End PBXFrameworksBuildPhase section */

/* Begin PBXGroup section */
		44FDE4C31DDF6AB900E5A37F = {
			isa = PBXGroup;
			children = (
				44FDE4CE1DDF6AB900E5A37F /* MusicVideo */,
				44FDE4E31DDF6AB900E5A37F /* MusicVideoTests */,
				44FDE4EE1DDF6AB900E5A37F /* MusicVideoUITests */,
				44FDE4CD1DDF6AB900E5A37F /* Products */,
			);
			sourceTree = "<group>";
		};
		44FDE4CD1DDF6AB900E5A37F /* Products */ = {
			isa = PBXGroup;
			children = (
				44FDE4CC1DDF6AB900E5A37F /* MusicVideo.app */,
				44FDE4E01DDF6AB900E5A37F /* MusicVideoTests.xctest */,
				44FDE4EB1DDF6AB900E5A37F /* MusicVideoUITests.xctest */,
			);
			name = Products;
			sourceTree = "<group>";
		};
		44FDE4CE1DDF6AB900E5A37F /* MusicVideo */ = {
			isa = PBXGroup;
			children = (
				44FDE4CF1DDF6AB900E5A37F /* AppDelegate.swift */,
				44FDE4D11DDF6AB900E5A37F /* ViewController.swift */,
				44FDE4D31DDF6AB900E5A37F /* Main.storyboard */,
				44FDE4D61DDF6AB900E5A37F /* Assets.xcassets */,
				44FDE4D81DDF6AB900E5A37F /* LaunchScreen.storyboard */,
				44FDE4DB1DDF6AB900E5A37F /* Info.plist */,
			);
			path = MusicVideo;
			sourceTree = "<group>";
		};
		44FDE4E31DDF6AB900E5A37F /* MusicVideoTests */ = {
			isa = PBXGroup;
			children = (
				44FDE4E41DDF6AB900E5A37F /* MusicVideoTests.swift */,
				44FDE4E61DDF6AB900E5A37F /* Info.plist */,
			);
			path = MusicVideoTests;
			sourceTree = "<group>";
		};
		44FDE4EE1DDF6AB900E5A37F /* MusicVideoUITests */ = {
			isa = PBXGroup;
			children = (
				44FDE4EF1DDF6AB900E5A37F /* MusicVideoUITests.swift */,
				44FDE4F11DDF6AB900E5A37F /* Info.plist */,
			);
			path = MusicVideoUITests;
			sourceTree = "<group>";
		};
/* End PBXGroup section */

/* Begin PBXNativeTarget section */
		44FDE4CB1DDF6AB900E5A37F /* MusicVideo */ = {
			isa = PBXNativeTarget;
			buildConfigurationList = 44FDE4F41DDF6AB900E5A37F /* Build configuration list for PBXNativeTarget "MusicVideo" */;
			buildPhases = (
				44FDE4C81DDF6AB900E5A37F /* Sources */,
				44FDE4C91DDF6AB900E5A37F /* Frameworks */,
				44FDE4CA1DDF6AB900E5A37F /* Resources */,
			);
			buildRules = (
			);
			dependencies = (
			);
			name = MusicVideo;
			productName = MusicVideo;
			productReference = 44FDE4CC1DDF6AB900E5A37F /* MusicVideo.app */;
			productType = "com.apple.product-type.application";
		};
		44FDE4DF1DDF6AB900E5A37F /* MusicVideoTests */ = {
			isa = PBXNativeTarget;
			buildConfigurationList = 44FDE4F71DDF6AB900E5A37F /* Build configuration list for PBXNativeTarget "MusicVideoTests" */;
			buildPhases = (
				44FDE4DC1DDF6AB900E5A37F /* Sources */,
				44FDE4DD1DDF6AB900E5A37F /* Frameworks */,
				44FDE4DE1DDF6AB900E5A37F /* Resources */,
			);
			buildRules = (
			);
			dependencies = (
				44FDE4E21DDF6AB900E5A37F /* PBXTargetDependency */,
			);
			name = MusicVideoTests;
			productName = MusicVideoTests;
			productReference = 44FDE4E01DDF6AB900E5A37F /* MusicVideoTests.xctest */;
			productType = "com.apple.product-type.bundle.unit-test";
		};
		44FDE4EA1DDF6AB900E5A37F /* MusicVideoUITests */ = {
			isa = PBXNativeTarget;
			buildConfigurationList = 44FDE4FA1DDF6AB900E5A37F /* Build configuration list for PBXNativeTarget "MusicVideoUITests" */;
			buildPhases = (
				44FDE4E71DDF6AB900E5A37F /* Sources */,
				44FDE4E81DDF6AB900E5A37F /* Frameworks */,
				44FDE4E91DDF6AB900E5A37F /* Resources */,
			);
			buildRules = (
			);
			dependencies = (
				44FDE4ED1DDF6AB900E5A37F /* PBXTargetDependency */,
			);
			name = MusicVideoUITests;
			productName = MusicVideoUITests;
			productReference = 44FDE4EB1DDF6AB900E5A37F /* MusicVideoUITests.xctest */;
			productType = "com.apple.product-type.bundle.ui-testing";
		};
/* End PBXNativeTarget section */

/* Begin PBXProject section */
		44FDE4C41DDF6AB900E5A37F /* Project object */ = {
			isa = PBXProject;
			attributes = {
				LastSwiftUpdateCheck = 0810;
				LastUpgradeCheck = 0810;
				ORGANIZATIONNAME = "nasim ahmed";
				TargetAttributes = {
					44FDE4CB1DDF6AB900E5A37F = {
						CreatedOnToolsVersion = 8.1;
						DevelopmentTeam = Q2FY5AEHQW;
						ProvisioningStyle = Automatic;
					};
					44FDE4DF1DDF6AB900E5A37F = {
						CreatedOnToolsVersion = 8.1;
						DevelopmentTeam = Q2FY5AEHQW;
						ProvisioningStyle = Automatic;
						TestTargetID = 44FDE4CB1DDF6AB900E5A37F;
					};
					44FDE4EA1DDF6AB900E5A37F = {
						CreatedOnToolsVersion = 8.1;
						DevelopmentTeam = Q2FY5AEHQW;
						ProvisioningStyle = Automatic;
						TestTargetID = 44FDE4CB1DDF6AB900E5A37F;
					};
				};
			};
			buildConfigurationList = 44FDE4C71DDF6AB900E5A37F /* Build configuration list for PBXProject "MusicVideo" */;
			compatibilityVersion = "Xcode 3.2";
			developmentRegion = English;
			hasScannedForEncodings = 0;
			knownRegions = (
				en,
				Base,
			);
			mainGroup = 44FDE4C31DDF6AB900E5A37F;
			productRefGroup = 44FDE4CD1DDF6AB900E5A37F /* Products */;
			projectDirPath = "";
			projectRoot = "";
			targets = (
				44FDE4CB1DDF6AB900E5A37F /* MusicVideo */,
				44FDE4DF1DDF6AB900E5A37F /* MusicVideoTests */,
				44FDE4EA1DDF6AB900E5A37F /* MusicVideoUITests */,
			);
		};
/* End PBXProject section */

/* Begin PBXResourcesBuildPhase section */
		44FDE4CA1DDF6AB900E5A37F /* Resources */ = {
			isa = PBXResourcesBuildPhase;
			buildActionMask = 2147483647;
			files = (
				44FDE4DA1DDF6AB900E5A37F /* LaunchScreen.storyboard in Resources */,
				44FDE4D71DDF6AB900E5A37F /* Assets.xcassets in Resources */,
				44FDE4D51DDF6AB900E5A37F /* Main.storyboard in Resources */,
			);
			runOnlyForDeploymentPostprocessing = 0;
		};
		44FDE4DE1DDF6AB900E5A37F /* Resources */ = {
			isa = PBXResourcesBuildPhase;
			buildActionMask = 2147483647;
			files = (
			);
			runOnlyForDeploymentPostprocessing = 0;
		};
		44FDE4E91DDF6AB900E5A37F /* Resources */ = {
			isa = PBXResourcesBuildPhase;
			buildActionMask = 2147483647;
			files = (
			);
			runOnlyForDeploymentPostprocessing = 0;
		};
/* End PBXResourcesBuildPhase section */

/* Begin PBXSourcesBuildPhase section */
		44FDE4C81DDF6AB900E5A37F /* Sources */ = {
			isa = PBXSourcesBuildPhase;
			buildActionMask = 2147483647;
			files = (
				44FDE4D21DDF6AB900E5A37F /* ViewController.swift in Sources */,
				44FDE4D01DDF6AB900E5A37F /* AppDelegate.swift in Sources */,
			);
			runOnlyForDeploymentPostprocessing = 0;
		};
		44FDE4DC1DDF6AB900E5A37F /* Sources */ = {
			isa = PBXSourcesBuildPhase;
			buildActionMask = 2147483647;
			files = (
				44FDE4E51DDF6AB900E5A37F /* MusicVideoTests.swift in Sources */,
			);
			runOnlyForDeploymentPostprocessing = 0;
		};
		44FDE4E71DDF6AB900E5A37F /* Sources */ = {
			isa = PBXSourcesBuildPhase;
			buildActionMask = 2147483647;
			files = (
				44FDE4F01DDF6AB900E5A37F /* MusicVideoUITests.swift in Sources */,
			);
			runOnlyForDeploymentPostprocessing = 0;
		};
/* End PBXSourcesBuildPhase section */

/* Begin PBXTargetDependency section */
		44FDE4E21DDF6AB900E5A37F /* PBXTargetDependency */ = {
			isa = PBXTargetDependency;
			target = 44FDE4CB1DDF6AB900E5A37F /* MusicVideo */;
			targetProxy = 44FDE4E11DDF6AB900E5A37F /* PBXContainerItemProxy */;
		};
		44FDE4ED1DDF6AB900E5A37F /* PBXTargetDependency */ = {
			isa = PBXTargetDependency;
			target = 44FDE4CB1DDF6AB900E5A37F /* MusicVideo */;
			targetProxy = 44FDE4EC1DDF6AB900E5A37F /* PBXContainerItemProxy */;
		};
/* End PBXTargetDependency section */

/* Begin PBXVariantGroup section */
		44FDE4D31DDF6AB900E5A37F /* Main.storyboard */ = {
			isa = PBXVariantGroup;
			children = (
				44FDE4D41DDF6AB900E5A37F /* Base */,
			);
			name = Main.storyboard;
			sourceTree = "<group>";
		};
		44FDE4D81DDF6AB900E5A37F /* LaunchScreen.storyboard */ = {
			isa = PBXVariantGroup;
			children = (
				44FDE4D91DDF6AB900E5A37F /* Base */,
			);
			name = LaunchScreen.storyboard;
			sourceTree = "<group>";
		};
/* End PBXVariantGroup section */

/* Begin XCBuildConfiguration section */
		44FDE4F21DDF6AB900E5A37F /* Debug */ = {
			isa = XCBuildConfiguration;
			buildSettings = {
				ALWAYS_SEARCH_USER_PATHS = NO;
				CLANG_ANALYZER_NONNULL = YES;
				CLANG_CXX_LANGUAGE_STANDARD = "gnu++0x";
				CLANG_CXX_LIBRARY = "libc++";
				CLANG_ENABLE_MODULES = YES;
				CLANG_ENABLE_OBJC_ARC = YES;
				CLANG_WARN_BOOL_CONVERSION = YES;
				CLANG_WARN_CONSTANT_CONVERSION = YES;
				CLANG_WARN_DIRECT_OBJC_ISA_USAGE = YES_ERROR;
				CLANG_WARN_DOCUMENTATION_COMMENTS = YES;
				CLANG_WARN_EMPTY_BODY = YES;
				CLANG_WARN_ENUM_CONVERSION = YES;
				CLANG_WARN_INFINITE_RECURSION = YES;
				CLANG_WARN_INT_CONVERSION = YES;
				CLANG_WARN_OBJC_ROOT_CLASS = YES_ERROR;
				CLANG_WARN_SUSPICIOUS_MOVES = YES;
				CLANG_WARN_UNREACHABLE_CODE = YES;
				CLANG_WARN__DUPLICATE_METHOD_MATCH = YES;
				"CODE_SIGN_IDENTITY[sdk=iphoneos*]" = "iPhone Developer";
				COPY_PHASE_STRIP = NO;
				DEBUG_INFORMATION_FORMAT = dwarf;
				ENABLE_STRICT_OBJC_MSGSEND = YES;
				ENABLE_TESTABILITY = YES;
				GCC_C_LANGUAGE_STANDARD = gnu99;
				GCC_DYNAMIC_NO_PIC = NO;
				GCC_NO_COMMON_BLOCKS = YES;
				GCC_OPTIMIZATION_LEVEL = 0;
				GCC_PREPROCESSOR_DEFINITIONS = (
					"DEBUG=1",
					"$(inherited)",
				);
				GCC_WARN_64_TO_32_BIT_CONVERSION = YES;
				GCC_WARN_ABOUT_RETURN_TYPE = YES_ERROR;
				GCC_WARN_UNDECLARED_SELECTOR = YES;
				GCC_WARN_UNINITIALIZED_AUTOS = YES_AGGRESSIVE;
				GCC_WARN_UNUSED_FUNCTION = YES;
				GCC_WARN_UNUSED_VARIABLE = YES;
				IPHONEOS_DEPLOYMENT_TARGET = 10.1;
				MTL_ENABLE_DEBUG_INFO = YES;
				ONLY_ACTIVE_ARCH = YES;
				SDKROOT = iphoneos;
				SWIFT_ACTIVE_COMPILATION_CONDITIONS = DEBUG;
				SWIFT_OPTIMIZATION_LEVEL = "-Onone";
				TARGETED_DEVICE_FAMILY = "1,2";
			};
			name = Debug;
		};
		44FDE4F31DDF6AB900E5A37F /* Release */ = {
			isa = XCBuildConfiguration;
			buildSettings = {
				ALWAYS_SEARCH_USER_PATHS = NO;
				CLANG_ANALYZER_NONNULL = YES;
				CLANG_CXX_LANGUAGE_STANDARD = "gnu++0x";
				CLANG_CXX_LIBRARY = "libc++";
				CLANG_ENABLE_MODULES = YES;
				CLANG_ENABLE_OBJC_ARC = YES;
				CLANG_WARN_BOOL_CONVERSION = YES;
				CLANG_WARN_CONSTANT_CONVERSION = YES;
				CLANG_WARN_DIRECT_OBJC_ISA_USAGE = YES_ERROR;
				CLANG_WARN_DOCUMENTATION_COMMENTS = YES;
				CLANG_WARN_EMPTY_BODY = YES;
				CLANG_WARN_ENUM_CONVERSION = YES;
				CLANG_WARN_INFINITE_RECURSION = YES;
				CLANG_WARN_INT_CONVERSION = YES;
				CLANG_WARN_OBJC_ROOT_CLASS = YES_ERROR;
				CLANG_WARN_SUSPICIOUS_MOVES = YES;
				CLANG_WARN_UNREACHABLE_CODE = YES;
				CLANG_WARN__DUPLICATE_METHOD_MATCH = YES;
				"CODE_SIGN_IDENTITY[sdk=iphoneos*]" = "iPhone Developer";
				COPY_PHASE_STRIP = NO;
				DEBUG_INFORMATION_FORMAT = "dwarf-with-dsym";
				ENABLE_NS_ASSERTIONS = NO;
				ENABLE_STRICT_OBJC_MSGSEND = YES;
				GCC_C_LANGUAGE_STANDARD = gnu99;
				GCC_NO_COMMON_BLOCKS = YES;
				GCC_WARN_64_TO_32_BIT_CONVERSION = YES;
				GCC_WARN_ABOUT_RETURN_TYPE = YES_ERROR;
				GCC_WARN_UNDECLARED_SELECTOR = YES;
				GCC_WARN_UNINITIALIZED_AUTOS = YES_AGGRESSIVE;
				GCC_WARN_UNUSED_FUNCTION = YES;
				GCC_WARN_UNUSED_VARIABLE = YES;
				IPHONEOS_DEPLOYMENT_TARGET = 10.1;
				MTL_ENABLE_DEBUG_INFO = NO;
				SDKROOT = iphoneos;
				SWIFT_OPTIMIZATION_LEVEL = "-Owholemodule";
				TARGETED_DEVICE_FAMILY = "1,2";
				VALIDATE_PRODUCT = YES;
			};
			name = Release;
		};
		44FDE4F51DDF6AB900E5A37F /* Debug */ = {
			isa = XCBuildConfiguration;
			buildSettings = {
				ASSETCATALOG_COMPILER_APPICON_NAME = AppIcon;
				DEVELOPMENT_TEAM = Q2FY5AEHQW;
				INFOPLIST_FILE = MusicVideo/Info.plist;
				LD_RUNPATH_SEARCH_PATHS = "$(inherited) @executable_path/Frameworks";
				PRODUCT_BUNDLE_IDENTIFIER = com.nasimahmed.MusicVideo;
				PRODUCT_NAME = "$(TARGET_NAME)";
				SWIFT_VERSION = 3.0;
			};
			name = Debug;
		};
		44FDE4F61DDF6AB900E5A37F /* Release */ = {
			isa = XCBuildConfiguration;
			buildSettings = {
				ASSETCATALOG_COMPILER_APPICON_NAME = AppIcon;
				DEVELOPMENT_TEAM = Q2FY5AEHQW;
				INFOPLIST_FILE = MusicVideo/Info.plist;
				LD_RUNPATH_SEARCH_PATHS = "$(inherited) @executable_path/Frameworks";
				PRODUCT_BUNDLE_IDENTIFIER = com.nasimahmed.MusicVideo;
				PRODUCT_NAME = "$(TARGET_NAME)";
				SWIFT_VERSION = 3.0;
			};
			name = Release;
		};
		44FDE4F81DDF6AB900E5A37F /* Debug */ = {
			isa = XCBuildConfiguration;
			buildSettings = {
				ALWAYS_EMBED_SWIFT_STANDARD_LIBRARIES = YES;
				BUNDLE_LOADER = "$(TEST_HOST)";
				DEVELOPMENT_TEAM = Q2FY5AEHQW;
				INFOPLIST_FILE = MusicVideoTests/Info.plist;
				LD_RUNPATH_SEARCH_PATHS = "$(inherited) @executable_path/Frameworks @loader_path/Frameworks";
				PRODUCT_BUNDLE_IDENTIFIER = com.nasimahmed.MusicVideoTests;
				PRODUCT_NAME = "$(TARGET_NAME)";
				SWIFT_VERSION = 3.0;
				TEST_HOST = "$(BUILT_PRODUCTS_DIR)/MusicVideo.app/MusicVideo";
			};
			name = Debug;
		};
		44FDE4F91DDF6AB900E5A37F /* Release */ = {
			isa = XCBuildConfiguration;
			buildSettings = {
				ALWAYS_EMBED_SWIFT_STANDARD_LIBRARIES = YES;
				BUNDLE_LOADER = "$(TEST_HOST)";
				DEVELOPMENT_TEAM = Q2FY5AEHQW;
				INFOPLIST_FILE = MusicVideoTests/Info.plist;
				LD_RUNPATH_SEARCH_PATHS = "$(inherited) @executable_path/Frameworks @loader_path/Frameworks";
				PRODUCT_BUNDLE_IDENTIFIER = com.nasimahmed.MusicVideoTests;
				PRODUCT_NAME = "$(TARGET_NAME)";
				SWIFT_VERSION = 3.0;
				TEST_HOST = "$(BUILT_PRODUCTS_DIR)/MusicVideo.app/MusicVideo";
			};
			name = Release;
		};
		44FDE4FB1DDF6AB900E5A37F /* Debug */ = {
			isa = XCBuildConfiguration;
			buildSettings = {
				ALWAYS_EMBED_SWIFT_STANDARD_LIBRARIES = YES;
				DEVELOPMENT_TEAM = Q2FY5AEHQW;
				INFOPLIST_FILE = MusicVideoUITests/Info.plist;
				LD_RUNPATH_SEARCH_PATHS = "$(inherited) @executable_path/Frameworks @loader_path/Frameworks";
				PRODUCT_BUNDLE_IDENTIFIER = com.nasimahmed.MusicVideoUITests;
				PRODUCT_NAME = "$(TARGET_NAME)";
				SWIFT_VERSION = 3.0;
				TEST_TARGET_NAME = MusicVideo;
			};
			name = Debug;
		};
		44FDE4FC1DDF6AB900E5A37F /* Release */ = {
			isa = XCBuildConfiguration;
			buildSettings = {
				ALWAYS_EMBED_SWIFT_STANDARD_LIBRARIES = YES;
				DEVELOPMENT_TEAM = Q2FY5AEHQW;
				INFOPLIST_FILE = MusicVideoUITests/Info.plist;
				LD_RUNPATH_SEARCH_PATHS = "$(inherited) @executable_path/Frameworks @loader_path/Frameworks";
				PRODUCT_BUNDLE_IDENTIFIER = com.nasimahmed.MusicVideoUITests;
				PRODUCT_NAME = "$(TARGET_NAME)";
				SWIFT_VERSION = 3.0;
				TEST_TARGET_NAME = MusicVideo;
			};
			name = Release;
		};
/* End XCBuildConfiguration section */

/* Begin XCConfigurationList section */
		44FDE4C71DDF6AB900E5A37F /* Build configuration list for PBXProject "MusicVideo" */ = {
			isa = XCConfigurationList;
			buildConfigurations = (
				44FDE4F21DDF6AB900E5A37F /* Debug */,
				44FDE4F31DDF6AB900E5A37F /* Release */,
			);
			defaultConfigurationIsVisible = 0;
			defaultConfigurationName = Release;
		};
		44FDE4F41DDF6AB900E5A37F /* Build configuration list for PBXNativeTarget "MusicVideo" */ = {
			isa = XCConfigurationList;
			buildConfigurations = (
				44FDE4F51DDF6AB900E5A37F /* Debug */,
				44FDE4F61DDF6AB900E5A37F /* Release */,
			);
			defaultConfigurationIsVisible = 0;
		};
		44FDE4F71DDF6AB900E5A37F /* Build configuration list for PBXNativeTarget "MusicVideoTests" */ = {
			isa = XCConfigurationList;
			buildConfigurations = (
				44FDE4F81DDF6AB900E5A37F /* Debug */,
				44FDE4F91DDF6AB900E5A37F /* Release */,
			);
			defaultConfigurationIsVisible = 0;
		};
		44FDE4FA1DDF6AB900E5A37F /* Build configuration list for PBXNativeTarget "MusicVideoUITests" */ = {
			isa = XCConfigurationList;
			buildConfigurations = (
				44FDE4FB1DDF6AB900E5A37F /* Debug */,
				44FDE4FC1DDF6AB900E5A37F /* Release */,
			);
			defaultConfigurationIsVisible = 0;
		};
/* End XCConfigurationList section */
	};
	rootObject = 44FDE4C41DDF6AB900E5A37F /* Project object */;
}
